
Microsoft Visual Studio Solution File, Format Version 12.00
# Visual Studio 15
VisualStudioVersion = 15.0.28010.2036
MinimumVisualStudioVersion = 10.0.40219.1
Project("{F184B08F-C81C-45F6-A57F-5ABD9991F28F}") = "Introduction", "Introduction\Introduction.vbproj", "{C4E0A546-2170-4E8A-9755-C254BA8DDD14}"
EndProject
Project("{F184B08F-C81C-45F6-A57F-5ABD9991F28F}") = "Controls1", "..\Controls1\Controls1\Controls1.vbproj", "{6CB2EECC-6975-4706-85C0-7209306BB33E}"
EndProject
Global
	GlobalSection(SolutionConfigurationPlatforms) = preSolution
		Debug|Any CPU = Debug|Any CPU
		Release|Any CPU = Release|Any CPU
	EndGlobalSection
	GlobalSection(ProjectConfigurationPlatforms) = postSolution
		{C4E0A546-2170-4E8A-9755-C254BA8DDD14}.Debug|Any CPU.ActiveCfg = Debug|Any CPU
		{C4E0A546-2170-4E8A-9755-C254BA8DDD14}.Debug|Any CPU.Build.0 = Debug|Any CPU
		{C4E0A546-2170-4E8A-9755-C254BA8DDD14}.Release|Any CPU.ActiveCfg = Release|Any CPU
		{C4E0A546-2170-4E8A-9755-C254BA8DDD14}.Release|Any CPU.Build.0 = Release|Any CPU
		{6CB2EECC-6975-4706-85C0-7209306BB33E}.Debug|Any CPU.ActiveCfg = Debug|Any CPU
		{6CB2EECC-6975-4706-85C0-7209306BB33E}.Debug|Any CPU.Build.0 = Debug|Any CPU
		{6CB2EECC-6975-4706-85C0-7209306BB33E}.Release|Any CPU.ActiveCfg = Release|Any CPU
		{6CB2EECC-6975-4706-85C0-7209306BB33E}.Release|Any CPU.Build.0 = Release|Any CPU
	EndGlobalSection
	GlobalSection(SolutionProperties) = preSolution
		HideSolutionNode = FALSE
	EndGlobalSection
	GlobalSection(ExtensibilityGlobals) = postSolution
		SolutionGuid = {4274AD0F-A2D9-45A2-A87A-7CFFBDE048C4}
	EndGlobalSection
EndGlobal
